<?xml version="1.0" encoding="utf-8"?>
<Project ToolsVersion="4.0" xmlns="http://schemas.microsoft.com/developer/msbuild/2003">
  <ItemGroup>
    <ClCompile Include="pch.cpp" />
    <ClCompile Include="main.cpp" />
    <ClCompile Include="CustomRenderer.cpp" />
    <ClCompile Include="ShaderLoader.cpp" />
  </ItemGroup>
  <ItemGroup>
    <ClInclude Include="pch.h" />
    <ClInclude Include="CustomRenderer.h" />
    <ClInclude Include="ShaderLoader.h" />
  </ItemGroup>
  <ItemGroup>
    <None Include="FragmentShader.glsl" />
    <None Include="VertexShader.glsl" />
  </ItemGroup>
</Project>