
Microsoft Visual Studio Solution File, Format Version 12.00
# Visual Studio 15
VisualStudioVersion = 15.0.28307.421
MinimumVisualStudioVersion = 10.0.40219.1
Project("{8BC9CEB8-8B4A-11D0-8D11-00A0C91BC942}") = "OpenGLScratchPad", "OpenGLScratchPad.vcxproj", "{11C82F1F-4BDF-4C43-B6EE-93993FE818CB}"
EndProject
Global
	GlobalSection(SolutionConfigurationPlatforms) = preSolution
		Debug|x64 = Debug|x64
		Debug|x86 = Debug|x86
		Release|x64 = Release|x64
		Release|x86 = Release|x86
	EndGlobalSection
	GlobalSection(ProjectConfigurationPlatforms) = postSolution
		{11C82F1F-4BDF-4C43-B6EE-93993FE818CB}.Debug|x64.ActiveCfg = Debug|x64
		{11C82F1F-4BDF-4C43-B6EE-93993FE818CB}.Debug|x64.Build.0 = Debug|x64
		{11C82F1F-4BDF-4C43-B6EE-93993FE818CB}.Debug|x86.ActiveCfg = Debug|Win32
		{11C82F1F-4BDF-4C43-B6EE-93993FE818CB}.Debug|x86.Build.0 = Debug|Win32
		{11C82F1F-4BDF-4C43-B6EE-93993FE818CB}.Release|x64.ActiveCfg = Release|x64
		{11C82F1F-4BDF-4C43-B6EE-93993FE818CB}.Release|x64.Build.0 = Release|x64
		{11C82F1F-4BDF-4C43-B6EE-93993FE818CB}.Release|x86.ActiveCfg = Release|Win32
		{11C82F1F-4BDF-4C43-B6EE-93993FE818CB}.Release|x86.Build.0 = Release|Win32
	EndGlobalSection
	GlobalSection(SolutionProperties) = preSolution
		HideSolutionNode = FALSE
	EndGlobalSection
	GlobalSection(ExtensibilityGlobals) = postSolution
		SolutionGuid = {594C17E6-3F14-4268-8969-4BC837271DC6}
	EndGlobalSection
EndGlobal
